
Microsoft Visual Studio Solution File, Format Version 12.00
# Visual Studio Version 17
VisualStudioVersion = 17.8.34330.188
MinimumVisualStudioVersion = 10.0.40219.1
Project("{FAE04EC0-301F-11D3-BF4B-00C04F79EFBC}") = "ProgOOP_Midterm_Part2_MatthewVargas", "ProgOOP_Midterm_Part2_MatthewVargas\ProgOOP_Midterm_Part2_MatthewVargas.csproj", "{486BD8DD-5C47-4E3D-991F-D448B9FDCC1E}"
EndProject
Global
	GlobalSection(SolutionConfigurationPlatforms) = preSolution
		Debug|Any CPU = Debug|Any CPU
		Release|Any CPU = Release|Any CPU
	EndGlobalSection
	GlobalSection(ProjectConfigurationPlatforms) = postSolution
		{486BD8DD-5C47-4E3D-991F-D448B9FDCC1E}.Debug|Any CPU.ActiveCfg = Debug|Any CPU
		{486BD8DD-5C47-4E3D-991F-D448B9FDCC1E}.Debug|Any CPU.Build.0 = Debug|Any CPU
		{486BD8DD-5C47-4E3D-991F-D448B9FDCC1E}.Release|Any CPU.ActiveCfg = Release|Any CPU
		{486BD8DD-5C47-4E3D-991F-D448B9FDCC1E}.Release|Any CPU.Build.0 = Release|Any CPU
	EndGlobalSection
	GlobalSection(SolutionProperties) = preSolution
		HideSolutionNode = FALSE
	EndGlobalSection
	GlobalSection(ExtensibilityGlobals) = postSolution
		SolutionGuid = {192CEC4D-560F-44D9-8DB3-02BA64C5B0DA}
	EndGlobalSection
EndGlobal
